<?xml version="1.0" encoding="UTF-8" standalone="yes" ?>
<CodeBlocks_project_file>
	<FileVersion major="1" minor="6" />
	<Project>
		<Option title="BareMetal" />
		<Option makefile="Makefile.BareMetal" />
		<Option makefile_is_custom="1" />
		<Option pch_mode="2" />
		<Option compiler="agc_yayul_assembler" />
		<Build>
			<Target title="Debug">
				<Option output="BareMetal.bin" prefix_auto="0" extension_auto="0" />
				<Option object_output="/home/pi/virtualagc/BareMetal/.objs" />
				<Option type="0" />
				<Option compiler="agc_yayul_assembler" />
				<Compiler>
					<Add option="-g" />
				</Compiler>
			</Target>
		</Build>
		<Compiler>
			<Add option="-Wall" />
		</Compiler>
		<Unit filename="AD.agc" />
		<Unit filename="ADS-CAE.agc" />
		<Unit filename="AGC Instruction Set.xlsx" />
		<Unit filename="AUG.agc" />
		<Unit filename="BZF.agc" />
		<Unit filename="BZMF.agc" />
		<Unit filename="BareMetal.bin" />
		<Unit filename="BareMetal.cbp" />
		<Unit filename="BareMetal.layout" />
		<Unit filename="BareMetal.lst" />
		<Unit filename="BareMetal.symtab" />
		<Unit filename="CA.agc" />
		<Unit filename="CAF.agc" />
		<Unit filename="COM.agc" />
		<Unit filename="CS.agc" />
		<Unit filename="DIM.agc" />
		<Unit filename="DOUBLE.agc" />
		<Unit filename="DV.agc" />
		<Unit filename="Default.style" />
		<Unit filename="INCR.agc" />
		<Unit filename="INDEX_KEYSHOW.agc" />
		<Unit filename="LXCH-QXCH.agc" />
		<Unit filename="MAIN.agc" />
		<Unit filename="MP.agc" />
		<Unit filename="Main.annotation" />
		<Unit filename="Makefile" />
		<Unit filename="Makefile.BareMetal" />
		<Unit filename="NOOP.agc" />
		<Unit filename="RandomDIE.agc" />
		<Unit filename="SQUARE.agc" />
		<Unit filename="SU.agc" />
		<Unit filename="TCF.agc" />
		<Unit filename="core" />
		<Unit filename="io.agc" />
		<Extensions>
			<code_completion />
			<debugger />
		</Extensions>
	</Project>
</CodeBlocks_project_file>
